{"1.1.0",
[{<<"parse_trans">>,{pkg,<<"parse_trans">>,<<"3.4.0">>},1},
 {<<"parse_trans_problem_dep">>,
  {git,"git@github.com:tothlac/parse_trans_problem_dep.git",
       {ref,"081f51e66d1e430334b5cbe4ab9074a28f6aa2b3"}},
  0}]}.
[
{pkg_hash,[
 {<<"parse_trans">>, <<"BB87AC362A03CA674EBB7D9D498F45C03256ADED7214C9101F7035EF44B798C7">>}]}
].
