{"1.1.0",
[{<<"parse_trans">>,{pkg,<<"parse_trans">>,<<"3.3.1">>},0},
 {<<"parse_trans_problem_dep">>,
  {git,"git@github.com:tothlac/parse_trans_problem_dep.git",
       {ref,"8c7a001e3316ef3802ada001684b38792b73e65d"}},
  0}]}.
[
{pkg_hash,[
 {<<"parse_trans">>, <<"16328AB840CC09919BD10DAB29E431DA3AF9E9E7E7E6F0089DD5A2D2820011D8">>}]}
].
